
Microsoft Visual Studio Solution File, Format Version 12.00
# Visual Studio Version 17
VisualStudioVersion = 17.9.34622.214
MinimumVisualStudioVersion = 10.0.40219.1
Project("{FAE04EC0-301F-11D3-BF4B-00C04F79EFBC}") = "Orientacao_a_objetos", "Orientacao_a_objetos.csproj", "{E13535FF-6501-418B-85B5-D7C47158EC78}"
EndProject
Global
	GlobalSection(SolutionConfigurationPlatforms) = preSolution
		Debug|Any CPU = Debug|Any CPU
		Release|Any CPU = Release|Any CPU
	EndGlobalSection
	GlobalSection(ProjectConfigurationPlatforms) = postSolution
		{E13535FF-6501-418B-85B5-D7C47158EC78}.Debug|Any CPU.ActiveCfg = Debug|Any CPU
		{E13535FF-6501-418B-85B5-D7C47158EC78}.Debug|Any CPU.Build.0 = Debug|Any CPU
		{E13535FF-6501-418B-85B5-D7C47158EC78}.Release|Any CPU.ActiveCfg = Release|Any CPU
		{E13535FF-6501-418B-85B5-D7C47158EC78}.Release|Any CPU.Build.0 = Release|Any CPU
	EndGlobalSection
	GlobalSection(SolutionProperties) = preSolution
		HideSolutionNode = FALSE
	EndGlobalSection
	GlobalSection(ExtensibilityGlobals) = postSolution
		SolutionGuid = {484FB055-9D76-4B56-AFB8-EDFAD65E364A}
	EndGlobalSection
EndGlobal
